
Microsoft Visual Studio Solution File, Format Version 12.00
# Visual Studio Version 17
VisualStudioVersion = 17.5.002.0
MinimumVisualStudioVersion = 10.0.40219.1
Project("{9A19103F-16F7-4668-BE54-9A1E7A4F7556}") = "SecondClass", "SecondClass.csproj", "{5E83E0DC-9398-429C-90E9-C0179BBF33DE}"
EndProject
Global
	GlobalSection(SolutionConfigurationPlatforms) = preSolution
		Debug|Any CPU = Debug|Any CPU
		Release|Any CPU = Release|Any CPU
	EndGlobalSection
	GlobalSection(ProjectConfigurationPlatforms) = postSolution
		{5E83E0DC-9398-429C-90E9-C0179BBF33DE}.Debug|Any CPU.ActiveCfg = Debug|Any CPU
		{5E83E0DC-9398-429C-90E9-C0179BBF33DE}.Debug|Any CPU.Build.0 = Debug|Any CPU
		{5E83E0DC-9398-429C-90E9-C0179BBF33DE}.Release|Any CPU.ActiveCfg = Release|Any CPU
		{5E83E0DC-9398-429C-90E9-C0179BBF33DE}.Release|Any CPU.Build.0 = Release|Any CPU
	EndGlobalSection
	GlobalSection(SolutionProperties) = preSolution
		HideSolutionNode = FALSE
	EndGlobalSection
	GlobalSection(ExtensibilityGlobals) = postSolution
		SolutionGuid = {91C36C63-10EF-423B-B264-0B11614C98E0}
	EndGlobalSection
EndGlobal
