
Microsoft Visual Studio Solution File, Format Version 12.00
# Visual Studio Version 17
VisualStudioVersion = 17.5.002.0
MinimumVisualStudioVersion = 10.0.40219.1
Project("{9A19103F-16F7-4668-BE54-9A1E7A4F7556}") = "FirstClass", "FirstClass.csproj", "{47932EBA-B627-4EF3-A3FF-4A832BABF93E}"
EndProject
Global
	GlobalSection(SolutionConfigurationPlatforms) = preSolution
		Debug|Any CPU = Debug|Any CPU
		Release|Any CPU = Release|Any CPU
	EndGlobalSection
	GlobalSection(ProjectConfigurationPlatforms) = postSolution
		{47932EBA-B627-4EF3-A3FF-4A832BABF93E}.Debug|Any CPU.ActiveCfg = Debug|Any CPU
		{47932EBA-B627-4EF3-A3FF-4A832BABF93E}.Debug|Any CPU.Build.0 = Debug|Any CPU
		{47932EBA-B627-4EF3-A3FF-4A832BABF93E}.Release|Any CPU.ActiveCfg = Release|Any CPU
		{47932EBA-B627-4EF3-A3FF-4A832BABF93E}.Release|Any CPU.Build.0 = Release|Any CPU
	EndGlobalSection
	GlobalSection(SolutionProperties) = preSolution
		HideSolutionNode = FALSE
	EndGlobalSection
	GlobalSection(ExtensibilityGlobals) = postSolution
		SolutionGuid = {C6BFE678-904F-4DBA-8A04-59DEBF8B6887}
	EndGlobalSection
EndGlobal
